{
  "version": "2",
  "remote": {
    "https://deno.land/std@0.170.0/_util/asserts.ts": "d0844e9b62510f89ce1f9878b046f6a57bf88f208a10304aab50efcb48365272",
    "https://deno.land/std@0.170.0/_util/os.ts": "8a33345f74990e627b9dfe2de9b040004b08ea5146c7c9e8fe9a29070d193934",
    "https://deno.land/std@0.170.0/encoding/base64.ts": "8605e018e49211efc767686f6f687827d7f5fd5217163e981d8d693105640d7a",
    "https://deno.land/std@0.170.0/fmt/colors.ts": "03ad95e543d2808bc43c17a3dd29d25b43d0f16287fe562a0be89bf632454a12",
    "https://deno.land/std@0.170.0/path/_constants.ts": "df1db3ffa6dd6d1252cc9617e5d72165cd2483df90e93833e13580687b6083c3",
    "https://deno.land/std@0.170.0/path/_interface.ts": "ee3b431a336b80cf445441109d089b70d87d5e248f4f90ff906820889ecf8d09",
    "https://deno.land/std@0.170.0/path/_util.ts": "d16be2a16e1204b65f9d0dfc54a9bc472cafe5f4a190b3c8471ec2016ccd1677",
    "https://deno.land/std@0.170.0/path/common.ts": "bee563630abd2d97f99d83c96c2fa0cca7cee103e8cb4e7699ec4d5db7bd2633",
    "https://deno.land/std@0.170.0/path/glob.ts": "81cc6c72be002cd546c7a22d1f263f82f63f37fe0035d9726aa96fc8f6e4afa1",
    "https://deno.land/std@0.170.0/path/mod.ts": "cf7cec7ac11b7048bb66af8ae03513e66595c279c65cfa12bfc07d9599608b78",
    "https://deno.land/std@0.170.0/path/posix.ts": "b859684bc4d80edfd4cad0a82371b50c716330bed51143d6dcdbe59e6278b30c",
    "https://deno.land/std@0.170.0/path/separator.ts": "fe1816cb765a8068afb3e8f13ad272351c85cbc739af56dacfc7d93d710fe0f9",
    "https://deno.land/std@0.170.0/path/win32.ts": "7cebd2bda6657371adc00061a1d23fdd87bcdf64b4843bb148b0b24c11b40f69",
    "https://deno.land/std@0.196.0/_util/os.ts": "d932f56d41e4f6a6093d56044e29ce637f8dcc43c5a90af43504a889cf1775e3",
    "https://deno.land/std@0.196.0/assert/assert.ts": "9a97dad6d98c238938e7540736b826440ad8c1c1e54430ca4c4e623e585607ee",
    "https://deno.land/std@0.196.0/assert/assertion_error.ts": "4d0bde9b374dfbcbe8ac23f54f567b77024fb67dbb1906a852d67fe050d42f56",
    "https://deno.land/std@0.196.0/encoding/base64.ts": "144ae6234c1fbe5b68666c711dc15b1e9ee2aef6d42b3b4345bf9a6c91d70d0d",
    "https://deno.land/std@0.196.0/fmt/colors.ts": "a7eecffdf3d1d54db890723b303847b6e0a1ab4b528ba6958b8f2e754cf1b3bc",
    "https://deno.land/std@0.196.0/path/_constants.ts": "e49961f6f4f48039c0dfed3c3f93e963ca3d92791c9d478ac5b43183413136e0",
    "https://deno.land/std@0.196.0/path/_interface.ts": "6471159dfbbc357e03882c2266d21ef9afdb1e4aa771b0545e90db58a0ba314b",
    "https://deno.land/std@0.196.0/path/_util.ts": "d7abb1e0dea065f427b89156e28cdeb32b045870acdf865833ba808a73b576d0",
    "https://deno.land/std@0.196.0/path/common.ts": "ee7505ab01fd22de3963b64e46cff31f40de34f9f8de1fff6a1bd2fe79380000",
    "https://deno.land/std@0.196.0/path/glob.ts": "d479e0a695621c94d3fd7fe7abd4f9499caf32a8de13f25073451c6ef420a4e1",
    "https://deno.land/std@0.196.0/path/mod.ts": "f065032a7189404fdac3ad1a1551a9ac84751d2f25c431e101787846c86c79ef",
    "https://deno.land/std@0.196.0/path/posix.ts": "8b7c67ac338714b30c816079303d0285dd24af6b284f7ad63da5b27372a2c94d",
    "https://deno.land/std@0.196.0/path/separator.ts": "0fb679739d0d1d7bf45b68dacfb4ec7563597a902edbaf3c59b50d5bcadd93b1",
    "https://deno.land/std@0.196.0/path/win32.ts": "4fca292f8d116fd6d62f243b8a61bd3d6835a9f0ede762ba5c01afe7c3c0aa12",
    "https://deno.land/std@0.224.0/assert/assert.ts": "09d30564c09de846855b7b071e62b5974b001bb72a4b797958fe0660e7849834",
    "https://deno.land/std@0.224.0/assert/assertion_error.ts": "ba8752bd27ebc51f723702fac2f54d3e94447598f54264a6653d6413738a8917",
    "https://deno.land/std@0.224.0/fmt/colors.ts": "508563c0659dd7198ba4bbf87e97f654af3c34eb56ba790260f252ad8012e1c5",
    "https://deno.land/std@0.224.0/fs/exists.ts": "3d38cb7dcbca3cf313be343a7b8af18a87bddb4b5ca1bd2314be12d06533b50f",
    "https://deno.land/std@0.224.0/io/types.ts": "acecb3074c730b5ff487ba4fe9ce51e67bd982aa07c95e5f5679b7b2f24ad129",
    "https://deno.land/std@0.224.0/io/write_all.ts": "24aac2312bb21096ae3ae0b102b22c26164d3249dff96dbac130958aa736f038",
    "https://deno.land/std@0.224.0/log/_config.ts": "489e11b6d3c917bf5fc954c5e914c095d3480efd924d1e85f2fc576468581c54",
    "https://deno.land/std@0.224.0/log/_state.ts": "314c0c31ab9c8f4fb33326ad446757d35f75e5bb21746b7720ed4e3f3a939da1",
    "https://deno.land/std@0.224.0/log/base_handler.ts": "f03f013dac9c1a226aab60c6f5751b3131cc4f2808720715285e0dab5697a54e",
    "https://deno.land/std@0.224.0/log/console_handler.ts": "9b17b9025c7d94eab950a25eccca81fd9dd71d063b9f458f149e52db52ab0295",
    "https://deno.land/std@0.224.0/log/critical.ts": "a8b44a4c6768629d2a506ffe1a1a048da7ae76d3146000f8a492008eac4ecba0",
    "https://deno.land/std@0.224.0/log/debug.ts": "ddd63a549fedc3061deba47e41cd2170263831fc266e503a12b610b77439333b",
    "https://deno.land/std@0.224.0/log/error.ts": "3979ee3aadc962345ad50eff8a5470ad3fe07c70370808ddc178ee08c3d6c89c",
    "https://deno.land/std@0.224.0/log/file_handler.ts": "68d6d81ec53bdd6ba61eaceec19d12de59a8ad12ace0d7980a592a51f924a242",
    "https://deno.land/std@0.224.0/log/formatters.ts": "29e0325902c3b1cbb3b9ffc1f9d77ac2d2e5af35d27b9bdfe4fdbbd83588d4a8",
    "https://deno.land/std@0.224.0/log/get_logger.ts": "36a5febf5338f68aadafaf23bbe38a208e2a3150ec02ca2ec5d3c6bbaf840641",
    "https://deno.land/std@0.224.0/log/info.ts": "e6c4971e35092d85cd3241fe7eccdb42999083d14db6aadc5e741f6231e275ad",
    "https://deno.land/std@0.224.0/log/levels.ts": "632ba12baa2600750d004cc5cb4eabe10e410f3f2bdfcb9f7142b6d767f2fee6",
    "https://deno.land/std@0.224.0/log/logger.ts": "57109848fb587fb3843a7b893f22f1a86c1b78c289172627a6305906738f238a",
    "https://deno.land/std@0.224.0/log/mod.ts": "650c53c2c5d9eb05210c4ec54184ecb5bd24fb32ce28e65fad039853978f53f3",
    "https://deno.land/std@0.224.0/log/rotating_file_handler.ts": "a6e7c712e568b618303273ff95483f6ab86dec0a485c73c2e399765f752b5aa8",
    "https://deno.land/std@0.224.0/log/setup.ts": "42425c550da52c7def7f63a4fcc1ac01a4aec6c73336697a640978d6a324e7a6",
    "https://deno.land/std@0.224.0/log/warn.ts": "f1a6bc33a481f231a0257e6d66e26c2e695b931d5e917d8de4f2b825778dfd4e",
    "https://deno.land/x/cliffy@v0.25.7/_utils/distance.ts": "02af166952c7c358ac83beae397aa2fbca4ad630aecfcd38d92edb1ea429f004",
    "https://deno.land/x/cliffy@v0.25.7/ansi/ansi_escapes.ts": "885f61f343223f27b8ec69cc138a54bea30542924eacd0f290cd84edcf691387",
    "https://deno.land/x/cliffy@v0.25.7/ansi/chain.ts": "31fb9fcbf72fed9f3eb9b9487270d2042ccd46a612d07dd5271b1a80ae2140a0",
    "https://deno.land/x/cliffy@v0.25.7/ansi/cursor_position.ts": "d537491e31d9c254b208277448eff92ff7f55978c4928dea363df92c0df0813f",
    "https://deno.land/x/cliffy@v0.25.7/ansi/deps.ts": "0f35cb7e91868ce81561f6a77426ea8bc55dc15e13f84c7352f211023af79053",
    "https://deno.land/x/cliffy@v0.25.7/ansi/tty.ts": "8fb064c17ead6cdf00c2d3bc87a9fd17b1167f2daa575c42b516f38bdb604673",
    "https://deno.land/x/cliffy@v0.25.7/keycode/key_code.ts": "c4ab0ffd102c2534962b765ded6d8d254631821bf568143d9352c1cdcf7a24be",
    "https://deno.land/x/cliffy@v0.25.7/keycode/key_codes.ts": "917f0a2da0dbace08cf29bcfdaaa2257da9fe7e705fff8867d86ed69dfb08cfe",
    "https://deno.land/x/cliffy@v0.25.7/keycode/mod.ts": "292d2f295316c6e0da6955042a7b31ab2968ff09f2300541d00f05ed6c2aa2d4",
    "https://deno.land/x/cliffy@v0.25.7/prompt/_generic_input.ts": "737cff2de02c8ce35250f5dd79c67b5fc176423191a2abd1f471a90dd725659e",
    "https://deno.land/x/cliffy@v0.25.7/prompt/_generic_list.ts": "79b301bf09eb19f0d070d897f613f78d4e9f93100d7e9a26349ef0bfaa7408d2",
    "https://deno.land/x/cliffy@v0.25.7/prompt/_generic_prompt.ts": "8630ce89a66d83e695922df41721cada52900b515385d86def597dea35971bb2",
    "https://deno.land/x/cliffy@v0.25.7/prompt/_generic_suggestions.ts": "2a8b619f91e8f9a270811eff557f10f1343a444a527b5fc22c94de832939920c",
    "https://deno.land/x/cliffy@v0.25.7/prompt/_utils.ts": "676cca30762656ed1a9bcb21a7254244278a23ffc591750e98a501644b6d2df3",
    "https://deno.land/x/cliffy@v0.25.7/prompt/checkbox.ts": "e5a5a9adbb86835dffa2afbd23c6f7a8fe25a9d166485388ef25aba5dc3fbf9e",
    "https://deno.land/x/cliffy@v0.25.7/prompt/confirm.ts": "94c8e55de3bbcd53732804420935c432eab29945497d1c47c357d236a89cb5f6",
    "https://deno.land/x/cliffy@v0.25.7/prompt/deps.ts": "4c38ab18e55a792c9a136c1c29b2b6e21ea4820c45de7ef4cf517ce94012c57d",
    "https://deno.land/x/cliffy@v0.25.7/prompt/figures.ts": "26af0fbfe21497220e4b887bb550fab997498cde14703b98e78faf370fbb4b94",
    "https://deno.land/x/cliffy@v0.25.7/prompt/input.ts": "ee45532e0a30c2463e436e08ae291d79d1c2c40872e17364c96d2b97c279bf4d",
    "https://deno.land/x/cliffy@v0.25.7/prompt/list.ts": "6780427ff2a932a48c9b882d173c64802081d6cdce9ff618d66ba6504b6abc50",
    "https://deno.land/x/cliffy@v0.25.7/prompt/mod.ts": "195aed14d10d279914eaa28c696dec404d576ca424c097a5bc2b4a7a13b66c89",
    "https://deno.land/x/cliffy@v0.25.7/prompt/number.ts": "015305a76b50138234dde4fd50eb886c6c7c0baa1b314caf811484644acdc2cf",
    "https://deno.land/x/cliffy@v0.25.7/prompt/prompt.ts": "0e7f6a1d43475ee33fb25f7d50749b2f07fc0bcddd9579f3f9af12d05b4a4412",
    "https://deno.land/x/cliffy@v0.25.7/prompt/secret.ts": "58745f5231fb2c44294c4acf2511f8c5bfddfa1e12f259580ff90dedea2703d6",
    "https://deno.land/x/cliffy@v0.25.7/prompt/select.ts": "1e982eae85718e4e15a3ee10a5ae2233e532d7977d55888f3a309e8e3982b784",
    "https://deno.land/x/cliffy@v0.25.7/prompt/toggle.ts": "842c3754a40732f2e80bcd4670098713e402e64bd930e6cab2b787f7ad4d931a",
    "https://deno.land/x/cliffy@v1.0.0-rc.3/_utils/distance.ts": "02af166952c7c358ac83beae397aa2fbca4ad630aecfcd38d92edb1ea429f004",
    "https://deno.land/x/cliffy@v1.0.0-rc.3/ansi/ansi_escapes.ts": "193b3c3a4e520274bd8322ca4cab1c3ce38070bed1898cb2ade12a585dddd7c9",
    "https://deno.land/x/cliffy@v1.0.0-rc.3/ansi/chain.ts": "eca61b1b64cad7b9799490c12c7aa5538d0f63ac65a73ddb6acac8b35f0a5323",
    "https://deno.land/x/cliffy@v1.0.0-rc.3/ansi/cursor_position.ts": "caa008d29f7a904908bda514f9839bfbb7a93f2d5f5580501675b646d26a87ff",
    "https://deno.land/x/cliffy@v1.0.0-rc.3/ansi/deps.ts": "f48ae5d066684793f4a203524db2a9fd61f514527934b458006f3e57363c0215",
    "https://deno.land/x/cliffy@v1.0.0-rc.3/ansi/tty.ts": "155aacdcb7dc00f3f95352616a2415c622ffb88db51c5934e5d2e8341eab010b",
    "https://deno.land/x/cliffy@v1.0.0-rc.3/keycode/_key_codes.ts": "917f0a2da0dbace08cf29bcfdaaa2257da9fe7e705fff8867d86ed69dfb08cfe",
    "https://deno.land/x/cliffy@v1.0.0-rc.3/keycode/key_code.ts": "730fa675ca12fc2a99ba718aa8dbebb1f2c89afd47484e30ef3cb705ddfca367",
    "https://deno.land/x/cliffy@v1.0.0-rc.3/keycode/mod.ts": "981b828bddada634e62a2a067b9d1592986180c4e920eb55e0a43cc085eb98ab",
    "https://deno.land/x/cliffy@v1.0.0-rc.3/prompt/_figures.ts": "e22413ddd51bb271b6b861a058742e83aaa3f62c14e8162cb73ae6f047062f51",
    "https://deno.land/x/cliffy@v1.0.0-rc.3/prompt/_generic_input.ts": "870dad97077582439cee26cb19aec123b4850376331338abdc64a91224733cdc",
    "https://deno.land/x/cliffy@v1.0.0-rc.3/prompt/_generic_list.ts": "8b0bea4521b1e2f62c564e0d3764a63264043694f4228bb0bc0b63ce129ef33b",
    "https://deno.land/x/cliffy@v1.0.0-rc.3/prompt/_generic_prompt.ts": "4c9d9cdeda749620a3f5332524df13d083e2d59b1ed90a003f43cd0991a75a10",
    "https://deno.land/x/cliffy@v1.0.0-rc.3/prompt/_generic_suggestions.ts": "5e6ee1190b4dd5af261ae2ff0196dec7f1988ea9c41c6288cfaece293703002c",
    "https://deno.land/x/cliffy@v1.0.0-rc.3/prompt/_utils.ts": "498ae639d7666599d612b615ee85de9103b3c3a913d5196f6b265072674258c7",
    "https://deno.land/x/cliffy@v1.0.0-rc.3/prompt/checkbox.ts": "9cfd71f1e278d0ef76054be103d956b66995593902c149380d01b1a1647025f3",
    "https://deno.land/x/cliffy@v1.0.0-rc.3/prompt/confirm.ts": "ff892331f6de281079421fe2f57f1d56acb38f28bc48678f87a3fc11ef4a5f7c",
    "https://deno.land/x/cliffy@v1.0.0-rc.3/prompt/deps.ts": "2560142f070bb2668e2e8a74683c799461648b9aad01bbf36b3cad3851d712e6",
    "https://deno.land/x/cliffy@v1.0.0-rc.3/prompt/input.ts": "81821244f895cc4db32c2511c17e21fb48fd7606e300605aeb2a231ab1680544",
    "https://deno.land/x/cliffy@v1.0.0-rc.3/prompt/list.ts": "e5d3e1a6d931b9736d03eec2425fb7b4d2b8d1461a84e210b4787edda414dca4",
    "https://deno.land/x/cliffy@v1.0.0-rc.3/prompt/mod.ts": "f8789193742daf3aba93b543a2ea099383284d60fcccc03567102e28c0d61927",
    "https://deno.land/x/cliffy@v1.0.0-rc.3/prompt/number.ts": "5421bf1b6411a6f02c44da4e867f19e02315450769e0feacab3c1c88cc1b06d6",
    "https://deno.land/x/cliffy@v1.0.0-rc.3/prompt/prompt.ts": "f10e1c8a0c2ca093a485f7f1156342210b27a8cffc96fe0b4cff60007cabab30",
    "https://deno.land/x/cliffy@v1.0.0-rc.3/prompt/secret.ts": "cece271c7ce01e12b249c31c2f9cea9e53b6e6be7621a478dac902bd8f288b61",
    "https://deno.land/x/cliffy@v1.0.0-rc.3/prompt/select.ts": "c10902aeaca02a55d9b846934958dd166ee39c741faebdaa9800689e402186cf",
    "https://deno.land/x/cliffy@v1.0.0-rc.3/prompt/toggle.ts": "028f80de31750e7b5479727a64b4878f090ecd783fe3bb0d286e2e1c29f0eee3"
  }
}
